
Microsoft Visual Studio Solution File, Format Version 12.00
# Visual Studio Version 16
VisualStudioVersion = 16.0.31727.386
MinimumVisualStudioVersion = 10.0.40219.1
Project("{FAE04EC0-301F-11D3-BF4B-00C04F79EFBC}") = "ders_07012022", "ders_07012022\ders_07012022.csproj", "{616FACCF-E1FB-42D0-8387-A99672F74FD0}"
EndProject
Global
	GlobalSection(SolutionConfigurationPlatforms) = preSolution
		Debug|Any CPU = Debug|Any CPU
		Release|Any CPU = Release|Any CPU
	EndGlobalSection
	GlobalSection(ProjectConfigurationPlatforms) = postSolution
		{616FACCF-E1FB-42D0-8387-A99672F74FD0}.Debug|Any CPU.ActiveCfg = Debug|Any CPU
		{616FACCF-E1FB-42D0-8387-A99672F74FD0}.Debug|Any CPU.Build.0 = Debug|Any CPU
		{616FACCF-E1FB-42D0-8387-A99672F74FD0}.Release|Any CPU.ActiveCfg = Release|Any CPU
		{616FACCF-E1FB-42D0-8387-A99672F74FD0}.Release|Any CPU.Build.0 = Release|Any CPU
	EndGlobalSection
	GlobalSection(SolutionProperties) = preSolution
		HideSolutionNode = FALSE
	EndGlobalSection
	GlobalSection(ExtensibilityGlobals) = postSolution
		SolutionGuid = {10E8BD67-1341-4704-AB8C-7DD7238F6BEA}
	EndGlobalSection
EndGlobal
